github.com/jaringankantor/Pertemuan03LatihanModule v1.0.5 h1:zfbBqW7n1xXJ7/zjVad35qb7oHD3Cg7qno/qDsQZDCI=
github.com/jaringankantor/Pertemuan03LatihanModule v1.0.5/go.mod h1:ar5+g5PbzIWAdHG4VNFF4Vwgnz9OeuAsULrpY3RYzaw=
github.com/jaringankantor/Pertemuan03LatihanModule v1.0.6 h1:f7olEGEGY9tYz3Gyb3z2U/JroLq/9eUIBtdey9+MEj4=
github.com/jaringankantor/Pertemuan03LatihanModule v1.0.6/go.mod h1:ar5+g5PbzIWAdHG4VNFF4Vwgnz9OeuAsULrpY3RYzaw=
github.com/jaringankantor/Pertemuan03LatihanModule v1.0.7 h1:WQ4xyAzfDo12fTGDozX43mVdjlLqh2Nf+GvB4AfOodU=
github.com/jaringankantor/Pertemuan03LatihanModule v1.0.7/go.mod h1:ar5+g5PbzIWAdHG4VNFF4Vwgnz9OeuAsULrpY3RYzaw=
github.com/jaringankantor/Pertemuan03LatihanModule v1.0.8 h1:m14o4gNnWVY+DbV9BWDsOD46qGXfF9LldIDhRdPjSbE=
github.com/jaringankantor/Pertemuan03LatihanModule v1.0.8/go.mod h1:ar5+g5PbzIWAdHG4VNFF4Vwgnz9OeuAsULrpY3RYzaw=
github.com/jaringankantor/Pertemuan03LatihanModule v1.0.9 h1:QzgmVqBDjzueGghs1jeqNJG8S/EWxYKH+sN53RXiDBQ=
github.com/jaringankantor/Pertemuan03LatihanModule v1.0.9/go.mod h1:ar5+g5PbzIWAdHG4VNFF4Vwgnz9OeuAsULrpY3RYzaw=
github.com/jaringankantor/Pertemuan03LatihanModule v1.1.0 h1:qPH2ciR9zPGdnM4ldX1QKalq/M607HQ4G9Q//MsiyF4=
github.com/jaringankantor/Pertemuan03LatihanModule v1.1.0/go.mod h1:ar5+g5PbzIWAdHG4VNFF4Vwgnz9OeuAsULrpY3RYzaw=
github.com/jaringankantor/Pertemuan03LatihanModule v1.1.1 h1:X/ajbtb9rPfMfFA2uyrkuBpq9bOiCR3KoknzUGgKuRU=
github.com/jaringankantor/Pertemuan03LatihanModule v1.1.1/go.mod h1:ar5+g5PbzIWAdHG4VNFF4Vwgnz9OeuAsULrpY3RYzaw=
